
Microsoft Visual Studio Solution File, Format Version 12.00
# Visual Studio 2017
Project("{FAE04EC0-301F-11D3-BF4B-00C04F79EFBC}") = "RunningMirim", "RunningMirim.csproj", "{EDFC22C9-B310-6582-1649-B4F2816CE89C}"
EndProject
Global
	GlobalSection(SolutionConfigurationPlatforms) = preSolution
		Debug|Any CPU = Debug|Any CPU
		Release|Any CPU = Release|Any CPU
	EndGlobalSection
	GlobalSection(ProjectConfigurationPlatforms) = postSolution
		{EDFC22C9-B310-6582-1649-B4F2816CE89C}.Debug|Any CPU.ActiveCfg = Debug|Any CPU
		{EDFC22C9-B310-6582-1649-B4F2816CE89C}.Debug|Any CPU.Build.0 = Debug|Any CPU
		{EDFC22C9-B310-6582-1649-B4F2816CE89C}.Release|Any CPU.ActiveCfg = Release|Any CPU
		{EDFC22C9-B310-6582-1649-B4F2816CE89C}.Release|Any CPU.Build.0 = Release|Any CPU
	EndGlobalSection
	GlobalSection(SolutionProperties) = preSolution
		HideSolutionNode = FALSE
	EndGlobalSection
EndGlobal
